
Microsoft Visual Studio Solution File, Format Version 12.00
# Visual Studio Version 16
VisualStudioVersion = 16.0.31424.327
MinimumVisualStudioVersion = 10.0.40219.1
Project("{9A19103F-16F7-4668-BE54-9A1E7A4F7556}") = "SSD_Assignment", "SSD_Assignment\SSD_Assignment.csproj", "{94882833-D388-42F6-B303-09843A194763}"
EndProject
Global
	GlobalSection(SolutionConfigurationPlatforms) = preSolution
		Debug|Any CPU = Debug|Any CPU
		Release|Any CPU = Release|Any CPU
	EndGlobalSection
	GlobalSection(ProjectConfigurationPlatforms) = postSolution
		{94882833-D388-42F6-B303-09843A194763}.Debug|Any CPU.ActiveCfg = Debug|Any CPU
		{94882833-D388-42F6-B303-09843A194763}.Debug|Any CPU.Build.0 = Debug|Any CPU
		{94882833-D388-42F6-B303-09843A194763}.Release|Any CPU.ActiveCfg = Release|Any CPU
		{94882833-D388-42F6-B303-09843A194763}.Release|Any CPU.Build.0 = Release|Any CPU
	EndGlobalSection
	GlobalSection(SolutionProperties) = preSolution
		HideSolutionNode = FALSE
	EndGlobalSection
	GlobalSection(ExtensibilityGlobals) = postSolution
		SolutionGuid = {1845C41D-434B-4D06-AD47-6B8306410479}
	EndGlobalSection
EndGlobal
